
Microsoft Visual Studio Solution File, Format Version 12.00
# Visual Studio Version 16
VisualStudioVersion = 16.0.32106.194
MinimumVisualStudioVersion = 10.0.40219.1
Project("{FAE04EC0-301F-11D3-BF4B-00C04F79EFBC}") = "PaigahP3", "PaigahP3\PaigahP3.csproj", "{D16E067B-437E-4035-A1A5-7A9765EF2C66}"
EndProject
Global
	GlobalSection(SolutionConfigurationPlatforms) = preSolution
		Debug|Any CPU = Debug|Any CPU
		Release|Any CPU = Release|Any CPU
	EndGlobalSection
	GlobalSection(ProjectConfigurationPlatforms) = postSolution
		{D16E067B-437E-4035-A1A5-7A9765EF2C66}.Debug|Any CPU.ActiveCfg = Debug|Any CPU
		{D16E067B-437E-4035-A1A5-7A9765EF2C66}.Debug|Any CPU.Build.0 = Debug|Any CPU
		{D16E067B-437E-4035-A1A5-7A9765EF2C66}.Release|Any CPU.ActiveCfg = Release|Any CPU
		{D16E067B-437E-4035-A1A5-7A9765EF2C66}.Release|Any CPU.Build.0 = Release|Any CPU
	EndGlobalSection
	GlobalSection(SolutionProperties) = preSolution
		HideSolutionNode = FALSE
	EndGlobalSection
	GlobalSection(ExtensibilityGlobals) = postSolution
		SolutionGuid = {5301013D-2217-472F-8F38-DE4F84AAC3F0}
	EndGlobalSection
EndGlobal
